
Microsoft Visual Studio Solution File, Format Version 12.00
# Visual Studio Version 16
VisualStudioVersion = 16.0.31515.178
MinimumVisualStudioVersion = 10.0.40219.1
Project("{FAE04EC0-301F-11D3-BF4B-00C04F79EFBC}") = "Remote Cockpit", "Remote Cockpit.csproj", "{4493EE98-FB2A-4DFF-A36D-D9EF14EC2CC2}"
EndProject
Global
	GlobalSection(SolutionConfigurationPlatforms) = preSolution
		Debug|Any CPU = Debug|Any CPU
		Debug|x64 = Debug|x64
		Release|Any CPU = Release|Any CPU
		Release|x64 = Release|x64
	EndGlobalSection
	GlobalSection(ProjectConfigurationPlatforms) = postSolution
		{4493EE98-FB2A-4DFF-A36D-D9EF14EC2CC2}.Debug|Any CPU.ActiveCfg = Debug|Any CPU
		{4493EE98-FB2A-4DFF-A36D-D9EF14EC2CC2}.Debug|Any CPU.Build.0 = Debug|Any CPU
		{4493EE98-FB2A-4DFF-A36D-D9EF14EC2CC2}.Debug|x64.ActiveCfg = Debug|Any CPU
		{4493EE98-FB2A-4DFF-A36D-D9EF14EC2CC2}.Release|Any CPU.ActiveCfg = Release|Any CPU
		{4493EE98-FB2A-4DFF-A36D-D9EF14EC2CC2}.Release|Any CPU.Build.0 = Release|Any CPU
		{4493EE98-FB2A-4DFF-A36D-D9EF14EC2CC2}.Release|x64.ActiveCfg = Release|Any CPU
	EndGlobalSection
	GlobalSection(SolutionProperties) = preSolution
		HideSolutionNode = FALSE
	EndGlobalSection
	GlobalSection(ExtensibilityGlobals) = postSolution
		SolutionGuid = {31274808-B39C-4033-A752-1CD10DDB5DD6}
	EndGlobalSection
EndGlobal
